{
  "R": {
    "Version": "4.0.4",
    "Repositories": [
      {
        "Name": "CRAN",
        "URL": "https://cloud.r-project.org"
      }
    ]
  },
  "Packages": {
    "renv": {
      "Package": "renv",
      "Version": "0.12.5-7",
      "Source": "Repository",
      "Repository": "CRAN",
      "Hash": "43c4c783c3a051c704351ef8fc41fff0"
    }
  }
}
